{
	"name": "repro",
	"lockfileVersion": 3,
	"requires": true,
	"packages": {
		"": {
			"devDependencies": {
				"@types/deno": "^2.0.0",
				"@types/node": "^22.7.9",
				"typescript": "^5.7.0-beta"
			}
		},
		"node_modules/@types/deno": {
			"version": "2.0.0",
			"resolved": "https://registry.npmjs.org/@types/deno/-/deno-2.0.0.tgz",
			"integrity": "sha512-O9/jRVlq93kqfkl4sYR5N7+Pz4ukzXVIbMnE/VgvpauNHsvjQ9iBVnJ3X0gAvMa2khcoFD8DSO7mQVCuiuDMPg==",
			"dev": true,
			"license": "MIT"
		},
		"node_modules/@types/node": {
			"version": "22.7.9",
			"resolved": "https://registry.npmjs.org/@types/node/-/node-22.7.9.tgz",
			"integrity": "sha512-jrTfRC7FM6nChvU7X2KqcrgquofrWLFDeYC1hKfwNWomVvrn7JIksqf344WN2X/y8xrgqBd2dJATZV4GbatBfg==",
			"dev": true,
			"license": "MIT",
			"dependencies": {
				"undici-types": "~6.19.2"
			}
		},
		"node_modules/typescript": {
			"version": "5.7.0-beta",
			"resolved": "https://registry.npmjs.org/typescript/-/typescript-5.7.0-beta.tgz",
			"integrity": "sha512-opDlmEnzKdl082N5piLS43lsyugg0aORdv+XnNzMv5yP5VtBWuZhFDxU8lizmhW+PEFa/fZiShYRBxKsrkTDMQ==",
			"dev": true,
			"license": "Apache-2.0",
			"bin": {
				"tsc": "bin/tsc",
				"tsserver": "bin/tsserver"
			},
			"engines": {
				"node": ">=14.17"
			}
		},
		"node_modules/undici-types": {
			"version": "6.19.8",
			"resolved": "https://registry.npmjs.org/undici-types/-/undici-types-6.19.8.tgz",
			"integrity": "sha512-ve2KP6f/JnbPBFyobGHuerC9g1FYGn/F8n1LWTwNxCEzd6IfqTwUQcNXgEtmmQ6DlRrC1hrSrBnCZPokRrDHjw==",
			"dev": true,
			"license": "MIT"
		}
	}
}
