# This file is generated by running "yarn install" inside your project.
# Manual changes might be lost - proceed with caution!

__metadata:
  version: 8
  cacheKey: 10c0

"@eslint-community/eslint-utils@npm:^4.4.0":
  version: 4.4.0
  resolution: "@eslint-community/eslint-utils@npm:4.4.0"
  dependencies:
    eslint-visitor-keys: "npm:^3.3.0"
  peerDependencies:
    eslint: ^6.0.0 || ^7.0.0 || >=8.0.0
  checksum: 10c0/7e559c4ce59cd3a06b1b5a517b593912e680a7f981ae7affab0d01d709e99cd5647019be8fafa38c350305bc32f1f7d42c7073edde2ab536c745e365f37b607e
  languageName: node
  linkType: hard

"@nodelib/fs.scandir@npm:2.1.5":
  version: 2.1.5
  resolution: "@nodelib/fs.scandir@npm:2.1.5"
  dependencies:
    "@nodelib/fs.stat": "npm:2.0.5"
    run-parallel: "npm:^1.1.9"
  checksum: 10c0/732c3b6d1b1e967440e65f284bd06e5821fedf10a1bea9ed2bb75956ea1f30e08c44d3def9d6a230666574edbaf136f8cfd319c14fd1f87c66e6a44449afb2eb
  languageName: node
  linkType: hard

"@nodelib/fs.stat@npm:2.0.5, @nodelib/fs.stat@npm:^2.0.2":
  version: 2.0.5
  resolution: "@nodelib/fs.stat@npm:2.0.5"
  checksum: 10c0/88dafe5e3e29a388b07264680dc996c17f4bda48d163a9d4f5c1112979f0ce8ec72aa7116122c350b4e7976bc5566dc3ddb579be1ceaacc727872eb4ed93926d
  languageName: node
  linkType: hard

"@nodelib/fs.walk@npm:^1.2.3":
  version: 1.2.8
  resolution: "@nodelib/fs.walk@npm:1.2.8"
  dependencies:
    "@nodelib/fs.scandir": "npm:2.1.5"
    fastq: "npm:^1.6.0"
  checksum: 10c0/db9de047c3bb9b51f9335a7bb46f4fcfb6829fb628318c12115fbaf7d369bfce71c15b103d1fc3b464812d936220ee9bc1c8f762d032c9f6be9acc99249095b1
  languageName: node
  linkType: hard

"@stylistic/eslint-plugin-js@npm:2.3.0, @stylistic/eslint-plugin-js@npm:^2.3.0":
  version: 2.3.0
  resolution: "@stylistic/eslint-plugin-js@npm:2.3.0"
  dependencies:
    "@types/eslint": "npm:^8.56.10"
    acorn: "npm:^8.11.3"
    eslint-visitor-keys: "npm:^4.0.0"
    espree: "npm:^10.0.1"
  peerDependencies:
    eslint: ">=8.40.0"
  checksum: 10c0/41edf0a6ac4643145d4ccb939b24e0227e790eb4efc7ebc4d8bb68bb99ff6406af154a3384b12147c4b34aa6c2bed506703ef8d82fb4c73ca7aa978fa4fed922
  languageName: node
  linkType: hard

"@stylistic/eslint-plugin-jsx@npm:2.3.0":
  version: 2.3.0
  resolution: "@stylistic/eslint-plugin-jsx@npm:2.3.0"
  dependencies:
    "@stylistic/eslint-plugin-js": "npm:^2.3.0"
    "@types/eslint": "npm:^8.56.10"
    estraverse: "npm:^5.3.0"
    picomatch: "npm:^4.0.2"
  peerDependencies:
    eslint: ">=8.40.0"
  checksum: 10c0/6aec33ed4c62f4a8dadc8ef00d7220ed3ef7f0b3f12d4afc9932aafd2d4502789c5d32b111ddc6391d220a2855cc5225070ae0c09c1680761f016dbeea94e676
  languageName: node
  linkType: hard

"@stylistic/eslint-plugin-plus@npm:2.3.0":
  version: 2.3.0
  resolution: "@stylistic/eslint-plugin-plus@npm:2.3.0"
  dependencies:
    "@types/eslint": "npm:^8.56.10"
    "@typescript-eslint/utils": "npm:^7.12.0"
  peerDependencies:
    eslint: "*"
  checksum: 10c0/709975a01bfccfbd25690fa12a9a5d15685e9c31e09ff3bda0f573a94411ada81c2511a91c48cd638b32c7a5fb0a9283d5430f7bb1cf97a93ff5ea458f312c56
  languageName: node
  linkType: hard

"@stylistic/eslint-plugin-ts@npm:2.3.0":
  version: 2.3.0
  resolution: "@stylistic/eslint-plugin-ts@npm:2.3.0"
  dependencies:
    "@stylistic/eslint-plugin-js": "npm:2.3.0"
    "@types/eslint": "npm:^8.56.10"
    "@typescript-eslint/utils": "npm:^7.12.0"
  peerDependencies:
    eslint: ">=8.40.0"
  checksum: 10c0/df8a334eccdbf4af291e40e0b14f07ff897778a653836c2c2e7f7f8e41608b0e151f0c9cf11863ff610bb6139a183a2cb465557dd09ae4b5957a8eee974c089b
  languageName: node
  linkType: hard

"@stylistic/eslint-plugin@npm:^2.3.0":
  version: 2.3.0
  resolution: "@stylistic/eslint-plugin@npm:2.3.0"
  dependencies:
    "@stylistic/eslint-plugin-js": "npm:2.3.0"
    "@stylistic/eslint-plugin-jsx": "npm:2.3.0"
    "@stylistic/eslint-plugin-plus": "npm:2.3.0"
    "@stylistic/eslint-plugin-ts": "npm:2.3.0"
    "@types/eslint": "npm:^8.56.10"
  peerDependencies:
    eslint: ">=8.40.0"
  checksum: 10c0/17a82df97a0714406eab76cf42399ec37b47937df0e29ce2254622e734490234d770acf21c086f70415816a0ec3dc9a2da36a0aa18c8596bd9ec82a1ec8bc867
  languageName: node
  linkType: hard

"@types/eslint@npm:^8.56.10":
  version: 8.56.11
  resolution: "@types/eslint@npm:8.56.11"
  dependencies:
    "@types/estree": "npm:*"
    "@types/json-schema": "npm:*"
  checksum: 10c0/e47d2b8e0ce1aa7e1f2564555576fa55343e942ae8cba5940b4e2566f842810c007beff80a01d74d48c60a45ecf28150cbc5cbd53324b1e55cf672b24ccf4667
  languageName: node
  linkType: hard

"@types/eslint@npm:^9.6.0":
  version: 9.6.0
  resolution: "@types/eslint@npm:9.6.0"
  dependencies:
    "@types/estree": "npm:*"
    "@types/json-schema": "npm:*"
  checksum: 10c0/69301356bc73b85e381ae00931291de2e96d1cc49a112c592c74ee32b2f85412203dea6a333b4315fd9839bb14f364f265cbfe7743fc5a78492ee0326dd6a2c1
  languageName: node
  linkType: hard

"@types/estree@npm:*":
  version: 1.0.5
  resolution: "@types/estree@npm:1.0.5"
  checksum: 10c0/b3b0e334288ddb407c7b3357ca67dbee75ee22db242ca7c56fe27db4e1a31989cb8af48a84dd401deb787fe10cc6b2ab1ee82dc4783be87ededbe3d53c79c70d
  languageName: node
  linkType: hard

"@types/json-schema@npm:*":
  version: 7.0.15
  resolution: "@types/json-schema@npm:7.0.15"
  checksum: 10c0/a996a745e6c5d60292f36731dd41341339d4eeed8180bb09226e5c8d23759067692b1d88e5d91d72ee83dfc00d3aca8e7bd43ea120516c17922cbcb7c3e252db
  languageName: node
  linkType: hard

"@typescript-eslint/scope-manager@npm:7.17.0":
  version: 7.17.0
  resolution: "@typescript-eslint/scope-manager@npm:7.17.0"
  dependencies:
    "@typescript-eslint/types": "npm:7.17.0"
    "@typescript-eslint/visitor-keys": "npm:7.17.0"
  checksum: 10c0/e1a693e19dc855fe6d04b46c6c205019bfc937eda5f8b255393f8267ebddd282165568336e37b04aab544b155a807784b9c4a92129dfc7c1eef5a9e9fe052685
  languageName: node
  linkType: hard

"@typescript-eslint/types@npm:7.17.0":
  version: 7.17.0
  resolution: "@typescript-eslint/types@npm:7.17.0"
  checksum: 10c0/8f734294d432b37c534f17eb2befdfe43b76874d09118d6adf7e308e5a586e9e11b7021abe4f6692a6e6226de58a15b3cfe1300939556ce1c908d9af627b7400
  languageName: node
  linkType: hard

"@typescript-eslint/typescript-estree@npm:7.17.0":
  version: 7.17.0
  resolution: "@typescript-eslint/typescript-estree@npm:7.17.0"
  dependencies:
    "@typescript-eslint/types": "npm:7.17.0"
    "@typescript-eslint/visitor-keys": "npm:7.17.0"
    debug: "npm:^4.3.4"
    globby: "npm:^11.1.0"
    is-glob: "npm:^4.0.3"
    minimatch: "npm:^9.0.4"
    semver: "npm:^7.6.0"
    ts-api-utils: "npm:^1.3.0"
  peerDependenciesMeta:
    typescript:
      optional: true
  checksum: 10c0/10967823ce00c9f8cd4a8b56bed3524c098e38cc0e27aaa49ffd8fad4e671c00226bf0330ba858948750b88dc55527ebeb62c74be8a30bac18a106d6c033ab59
  languageName: node
  linkType: hard

"@typescript-eslint/utils@npm:^7.12.0":
  version: 7.17.0
  resolution: "@typescript-eslint/utils@npm:7.17.0"
  dependencies:
    "@eslint-community/eslint-utils": "npm:^4.4.0"
    "@typescript-eslint/scope-manager": "npm:7.17.0"
    "@typescript-eslint/types": "npm:7.17.0"
    "@typescript-eslint/typescript-estree": "npm:7.17.0"
  peerDependencies:
    eslint: ^8.56.0
  checksum: 10c0/1f3e22820b3ab3e47809c45e576614ad4a965f5c8634856eca5c70981386b9351a77fb172ba32345e7c5667479cf9526c673699dd38dccd0616ad6db21704e72
  languageName: node
  linkType: hard

"@typescript-eslint/visitor-keys@npm:7.17.0":
  version: 7.17.0
  resolution: "@typescript-eslint/visitor-keys@npm:7.17.0"
  dependencies:
    "@typescript-eslint/types": "npm:7.17.0"
    eslint-visitor-keys: "npm:^3.4.3"
  checksum: 10c0/fa6b339d51fc3710288bb2ffaa46d639551d77965cc42c36f96c4f43aed663ff12972e8a28652a280f6ce20b7a92dc2aea14b2b4049012799be2fc2d3cbb2c60
  languageName: node
  linkType: hard

"acorn-jsx@npm:^5.3.2":
  version: 5.3.2
  resolution: "acorn-jsx@npm:5.3.2"
  peerDependencies:
    acorn: ^6.0.0 || ^7.0.0 || ^8.0.0
  checksum: 10c0/4c54868fbef3b8d58927d5e33f0a4de35f59012fe7b12cf9dfbb345fb8f46607709e1c4431be869a23fb63c151033d84c4198fa9f79385cec34fcb1dd53974c1
  languageName: node
  linkType: hard

"acorn@npm:^8.11.3, acorn@npm:^8.12.0":
  version: 8.12.1
  resolution: "acorn@npm:8.12.1"
  bin:
    acorn: bin/acorn
  checksum: 10c0/51fb26cd678f914e13287e886da2d7021f8c2bc0ccc95e03d3e0447ee278dd3b40b9c57dc222acd5881adcf26f3edc40901a4953403232129e3876793cd17386
  languageName: node
  linkType: hard

"array-union@npm:^2.1.0":
  version: 2.1.0
  resolution: "array-union@npm:2.1.0"
  checksum: 10c0/429897e68110374f39b771ec47a7161fc6a8fc33e196857c0a396dc75df0b5f65e4d046674db764330b6bb66b39ef48dd7c53b6a2ee75cfb0681e0c1a7033962
  languageName: node
  linkType: hard

"balanced-match@npm:^1.0.0":
  version: 1.0.2
  resolution: "balanced-match@npm:1.0.2"
  checksum: 10c0/9308baf0a7e4838a82bbfd11e01b1cb0f0cf2893bc1676c27c2a8c0e70cbae1c59120c3268517a8ae7fb6376b4639ef81ca22582611dbee4ed28df945134aaee
  languageName: node
  linkType: hard

"brace-expansion@npm:^2.0.1":
  version: 2.0.1
  resolution: "brace-expansion@npm:2.0.1"
  dependencies:
    balanced-match: "npm:^1.0.0"
  checksum: 10c0/b358f2fe060e2d7a87aa015979ecea07f3c37d4018f8d6deb5bd4c229ad3a0384fe6029bb76cd8be63c81e516ee52d1a0673edbe2023d53a5191732ae3c3e49f
  languageName: node
  linkType: hard

"braces@npm:^3.0.3":
  version: 3.0.3
  resolution: "braces@npm:3.0.3"
  dependencies:
    fill-range: "npm:^7.1.1"
  checksum: 10c0/7c6dfd30c338d2997ba77500539227b9d1f85e388a5f43220865201e407e076783d0881f2d297b9f80951b4c957fcf0b51c1d2d24227631643c3f7c284b0aa04
  languageName: node
  linkType: hard

"debug@npm:^4.3.4":
  version: 4.3.5
  resolution: "debug@npm:4.3.5"
  dependencies:
    ms: "npm:2.1.2"
  peerDependenciesMeta:
    supports-color:
      optional: true
  checksum: 10c0/082c375a2bdc4f4469c99f325ff458adad62a3fc2c482d59923c260cb08152f34e2659f72b3767db8bb2f21ca81a60a42d1019605a412132d7b9f59363a005cc
  languageName: node
  linkType: hard

"dir-glob@npm:^3.0.1":
  version: 3.0.1
  resolution: "dir-glob@npm:3.0.1"
  dependencies:
    path-type: "npm:^4.0.0"
  checksum: 10c0/dcac00920a4d503e38bb64001acb19df4efc14536ada475725e12f52c16777afdee4db827f55f13a908ee7efc0cb282e2e3dbaeeb98c0993dd93d1802d3bf00c
  languageName: node
  linkType: hard

"eslint-visitor-keys@npm:^3.3.0, eslint-visitor-keys@npm:^3.4.3":
  version: 3.4.3
  resolution: "eslint-visitor-keys@npm:3.4.3"
  checksum: 10c0/92708e882c0a5ffd88c23c0b404ac1628cf20104a108c745f240a13c332a11aac54f49a22d5762efbffc18ecbc9a580d1b7ad034bf5f3cc3307e5cbff2ec9820
  languageName: node
  linkType: hard

"eslint-visitor-keys@npm:^4.0.0":
  version: 4.0.0
  resolution: "eslint-visitor-keys@npm:4.0.0"
  checksum: 10c0/76619f42cf162705a1515a6868e6fc7567e185c7063a05621a8ac4c3b850d022661262c21d9f1fc1d144ecf0d5d64d70a3f43c15c3fc969a61ace0fb25698cf5
  languageName: node
  linkType: hard

"espree@npm:^10.0.1":
  version: 10.1.0
  resolution: "espree@npm:10.1.0"
  dependencies:
    acorn: "npm:^8.12.0"
    acorn-jsx: "npm:^5.3.2"
    eslint-visitor-keys: "npm:^4.0.0"
  checksum: 10c0/52e6feaa77a31a6038f0c0e3fce93010a4625701925b0715cd54a2ae190b3275053a0717db698697b32653788ac04845e489d6773b508d6c2e8752f3c57470a0
  languageName: node
  linkType: hard

"estraverse@npm:^5.3.0":
  version: 5.3.0
  resolution: "estraverse@npm:5.3.0"
  checksum: 10c0/1ff9447b96263dec95d6d67431c5e0771eb9776427421260a3e2f0fdd5d6bd4f8e37a7338f5ad2880c9f143450c9b1e4fc2069060724570a49cf9cf0312bd107
  languageName: node
  linkType: hard

"fast-glob@npm:^3.2.9":
  version: 3.3.2
  resolution: "fast-glob@npm:3.3.2"
  dependencies:
    "@nodelib/fs.stat": "npm:^2.0.2"
    "@nodelib/fs.walk": "npm:^1.2.3"
    glob-parent: "npm:^5.1.2"
    merge2: "npm:^1.3.0"
    micromatch: "npm:^4.0.4"
  checksum: 10c0/42baad7b9cd40b63e42039132bde27ca2cb3a4950d0a0f9abe4639ea1aa9d3e3b40f98b1fe31cbc0cc17b664c9ea7447d911a152fa34ec5b72977b125a6fc845
  languageName: node
  linkType: hard

"fastq@npm:^1.6.0":
  version: 1.17.1
  resolution: "fastq@npm:1.17.1"
  dependencies:
    reusify: "npm:^1.0.4"
  checksum: 10c0/1095f16cea45fb3beff558bb3afa74ca7a9250f5a670b65db7ed585f92b4b48381445cd328b3d87323da81e43232b5d5978a8201bde84e0cd514310f1ea6da34
  languageName: node
  linkType: hard

"fill-range@npm:^7.1.1":
  version: 7.1.1
  resolution: "fill-range@npm:7.1.1"
  dependencies:
    to-regex-range: "npm:^5.0.1"
  checksum: 10c0/b75b691bbe065472f38824f694c2f7449d7f5004aa950426a2c28f0306c60db9b880c0b0e4ed819997ffb882d1da02cfcfc819bddc94d71627f5269682edf018
  languageName: node
  linkType: hard

"glob-parent@npm:^5.1.2":
  version: 5.1.2
  resolution: "glob-parent@npm:5.1.2"
  dependencies:
    is-glob: "npm:^4.0.1"
  checksum: 10c0/cab87638e2112bee3f839ef5f6e0765057163d39c66be8ec1602f3823da4692297ad4e972de876ea17c44d652978638d2fd583c6713d0eb6591706825020c9ee
  languageName: node
  linkType: hard

"globby@npm:^11.1.0":
  version: 11.1.0
  resolution: "globby@npm:11.1.0"
  dependencies:
    array-union: "npm:^2.1.0"
    dir-glob: "npm:^3.0.1"
    fast-glob: "npm:^3.2.9"
    ignore: "npm:^5.2.0"
    merge2: "npm:^1.4.1"
    slash: "npm:^3.0.0"
  checksum: 10c0/b39511b4afe4bd8a7aead3a27c4ade2b9968649abab0a6c28b1a90141b96ca68ca5db1302f7c7bd29eab66bf51e13916b8e0a3d0ac08f75e1e84a39b35691189
  languageName: node
  linkType: hard

"ignore@npm:^5.2.0":
  version: 5.3.1
  resolution: "ignore@npm:5.3.1"
  checksum: 10c0/703f7f45ffb2a27fb2c5a8db0c32e7dee66b33a225d28e8db4e1be6474795f606686a6e3bcc50e1aa12f2042db4c9d4a7d60af3250511de74620fbed052ea4cd
  languageName: node
  linkType: hard

"is-extglob@npm:^2.1.1":
  version: 2.1.1
  resolution: "is-extglob@npm:2.1.1"
  checksum: 10c0/5487da35691fbc339700bbb2730430b07777a3c21b9ebaecb3072512dfd7b4ba78ac2381a87e8d78d20ea08affb3f1971b4af629173a6bf435ff8a4c47747912
  languageName: node
  linkType: hard

"is-glob@npm:^4.0.1, is-glob@npm:^4.0.3":
  version: 4.0.3
  resolution: "is-glob@npm:4.0.3"
  dependencies:
    is-extglob: "npm:^2.1.1"
  checksum: 10c0/17fb4014e22be3bbecea9b2e3a76e9e34ff645466be702f1693e8f1ee1adac84710d0be0bd9f967d6354036fd51ab7c2741d954d6e91dae6bb69714de92c197a
  languageName: node
  linkType: hard

"is-number@npm:^7.0.0":
  version: 7.0.0
  resolution: "is-number@npm:7.0.0"
  checksum: 10c0/b4686d0d3053146095ccd45346461bc8e53b80aeb7671cc52a4de02dbbf7dc0d1d2a986e2fe4ae206984b4d34ef37e8b795ebc4f4295c978373e6575e295d811
  languageName: node
  linkType: hard

"merge2@npm:^1.3.0, merge2@npm:^1.4.1":
  version: 1.4.1
  resolution: "merge2@npm:1.4.1"
  checksum: 10c0/254a8a4605b58f450308fc474c82ac9a094848081bf4c06778200207820e5193726dc563a0d2c16468810516a5c97d9d3ea0ca6585d23c58ccfff2403e8dbbeb
  languageName: node
  linkType: hard

"micromatch@npm:^4.0.4":
  version: 4.0.7
  resolution: "micromatch@npm:4.0.7"
  dependencies:
    braces: "npm:^3.0.3"
    picomatch: "npm:^2.3.1"
  checksum: 10c0/58fa99bc5265edec206e9163a1d2cec5fabc46a5b473c45f4a700adce88c2520456ae35f2b301e4410fb3afb27e9521fb2813f6fc96be0a48a89430e0916a772
  languageName: node
  linkType: hard

"minimatch@npm:^9.0.4":
  version: 9.0.5
  resolution: "minimatch@npm:9.0.5"
  dependencies:
    brace-expansion: "npm:^2.0.1"
  checksum: 10c0/de96cf5e35bdf0eab3e2c853522f98ffbe9a36c37797778d2665231ec1f20a9447a7e567cb640901f89e4daaa95ae5d70c65a9e8aa2bb0019b6facbc3c0575ed
  languageName: node
  linkType: hard

"ms@npm:2.1.2":
  version: 2.1.2
  resolution: "ms@npm:2.1.2"
  checksum: 10c0/a437714e2f90dbf881b5191d35a6db792efbca5badf112f87b9e1c712aace4b4b9b742dd6537f3edf90fd6f684de897cec230abde57e87883766712ddda297cc
  languageName: node
  linkType: hard

"path-type@npm:^4.0.0":
  version: 4.0.0
  resolution: "path-type@npm:4.0.0"
  checksum: 10c0/666f6973f332f27581371efaf303fd6c272cc43c2057b37aa99e3643158c7e4b2626549555d88626e99ea9e046f82f32e41bbde5f1508547e9a11b149b52387c
  languageName: node
  linkType: hard

"picomatch@npm:^2.3.1":
  version: 2.3.1
  resolution: "picomatch@npm:2.3.1"
  checksum: 10c0/26c02b8d06f03206fc2ab8d16f19960f2ff9e81a658f831ecb656d8f17d9edc799e8364b1f4a7873e89d9702dff96204be0fa26fe4181f6843f040f819dac4be
  languageName: node
  linkType: hard

"picomatch@npm:^4.0.2":
  version: 4.0.2
  resolution: "picomatch@npm:4.0.2"
  checksum: 10c0/7c51f3ad2bb42c776f49ebf964c644958158be30d0a510efd5a395e8d49cb5acfed5b82c0c5b365523ce18e6ab85013c9ebe574f60305892ec3fa8eee8304ccc
  languageName: node
  linkType: hard

"queue-microtask@npm:^1.2.2":
  version: 1.2.3
  resolution: "queue-microtask@npm:1.2.3"
  checksum: 10c0/900a93d3cdae3acd7d16f642c29a642aea32c2026446151f0778c62ac089d4b8e6c986811076e1ae180a694cedf077d453a11b58ff0a865629a4f82ab558e102
  languageName: node
  linkType: hard

"reusify@npm:^1.0.4":
  version: 1.0.4
  resolution: "reusify@npm:1.0.4"
  checksum: 10c0/c19ef26e4e188f408922c46f7ff480d38e8dfc55d448310dfb518736b23ed2c4f547fb64a6ed5bdba92cd7e7ddc889d36ff78f794816d5e71498d645ef476107
  languageName: node
  linkType: hard

"root-workspace-0b6124@workspace:.":
  version: 0.0.0-use.local
  resolution: "root-workspace-0b6124@workspace:."
  dependencies:
    "@stylistic/eslint-plugin": "npm:^2.3.0"
    "@types/eslint": "npm:^9.6.0"
    typescript: "npm:^5.5.4"
  languageName: unknown
  linkType: soft

"run-parallel@npm:^1.1.9":
  version: 1.2.0
  resolution: "run-parallel@npm:1.2.0"
  dependencies:
    queue-microtask: "npm:^1.2.2"
  checksum: 10c0/200b5ab25b5b8b7113f9901bfe3afc347e19bb7475b267d55ad0eb86a62a46d77510cb0f232507c9e5d497ebda569a08a9867d0d14f57a82ad5564d991588b39
  languageName: node
  linkType: hard

"semver@npm:^7.6.0":
  version: 7.6.3
  resolution: "semver@npm:7.6.3"
  bin:
    semver: bin/semver.js
  checksum: 10c0/88f33e148b210c153873cb08cfe1e281d518aaa9a666d4d148add6560db5cd3c582f3a08ccb91f38d5f379ead256da9931234ed122057f40bb5766e65e58adaf
  languageName: node
  linkType: hard

"slash@npm:^3.0.0":
  version: 3.0.0
  resolution: "slash@npm:3.0.0"
  checksum: 10c0/e18488c6a42bdfd4ac5be85b2ced3ccd0224773baae6ad42cfbb9ec74fc07f9fa8396bd35ee638084ead7a2a0818eb5e7151111544d4731ce843019dab4be47b
  languageName: node
  linkType: hard

"to-regex-range@npm:^5.0.1":
  version: 5.0.1
  resolution: "to-regex-range@npm:5.0.1"
  dependencies:
    is-number: "npm:^7.0.0"
  checksum: 10c0/487988b0a19c654ff3e1961b87f471702e708fa8a8dd02a298ef16da7206692e8552a0250e8b3e8759270f62e9d8314616f6da274734d3b558b1fc7b7724e892
  languageName: node
  linkType: hard

"ts-api-utils@npm:^1.3.0":
  version: 1.3.0
  resolution: "ts-api-utils@npm:1.3.0"
  peerDependencies:
    typescript: ">=4.2.0"
  checksum: 10c0/f54a0ba9ed56ce66baea90a3fa087a484002e807f28a8ccb2d070c75e76bde64bd0f6dce98b3802834156306050871b67eec325cb4e918015a360a3f0868c77c
  languageName: node
  linkType: hard

"typescript@npm:^5.5.4":
  version: 5.5.4
  resolution: "typescript@npm:5.5.4"
  bin:
    tsc: bin/tsc
    tsserver: bin/tsserver
  checksum: 10c0/422be60f89e661eab29ac488c974b6cc0a660fb2228003b297c3d10c32c90f3bcffc1009b43876a082515a3c376b1eefcce823d6e78982e6878408b9a923199c
  languageName: node
  linkType: hard

"typescript@patch:typescript@npm%3A^5.5.4#optional!builtin<compat/typescript>":
  version: 5.5.4
  resolution: "typescript@patch:typescript@npm%3A5.5.4#optional!builtin<compat/typescript>::version=5.5.4&hash=5adc0c"
  bin:
    tsc: bin/tsc
    tsserver: bin/tsserver
  checksum: 10c0/10dd9881baba22763de859e8050d6cb6e2db854197495c6f1929b08d1eb2b2b00d0b5d9b0bcee8472f1c3f4a7ef6a5d7ebe0cfd703f853aa5ae465b8404bc1ba
  languageName: node
  linkType: hard
